
Microsoft Visual Studio Solution File, Format Version 12.00
# Visual Studio Version 16
VisualStudioVersion = 16.0.30002.166
MinimumVisualStudioVersion = 10.0.40219.1
Project("{9A19103F-16F7-4668-BE54-9A1E7A4F7556}") = "BC.API", "BC.API\BC.API.csproj", "{4335F9DA-A3B9-46F2-B3E4-334E8804516A}"
EndProject
Project("{2150E333-8FDC-42A3-9474-1A3956D46DE8}") = "Frontends", "Frontends", "{1603CCB5-3DBA-4DA9-8ABE-1D2277D5F888}"
EndProject
Project("{9A19103F-16F7-4668-BE54-9A1E7A4F7556}") = "BC.Client", "BC.Client\BC.Client.csproj", "{EEB31B96-EDAC-4406-84C2-4F21324E98B2}"
EndProject
Project("{9A19103F-16F7-4668-BE54-9A1E7A4F7556}") = "BC.Master", "BC.Master\BC.Master.csproj", "{55C632EA-5477-4BCC-ABC3-F8F7784470B2}"
EndProject
Project("{9A19103F-16F7-4668-BE54-9A1E7A4F7556}") = "BC.Saloon", "BC.Saloon\BC.Saloon.csproj", "{6259F0A4-FDAC-411C-9B10-043C52DF69DF}"
EndProject
Project("{9A19103F-16F7-4668-BE54-9A1E7A4F7556}") = "BC.APIGateway", "BC.APIGateway\BC.APIGateway.csproj", "{CD01CED9-BF5A-486A-B4A3-CA1314445CB2}"
EndProject
Project("{2150E333-8FDC-42A3-9474-1A3956D46DE8}") = "Docker", "Docker", "{84DFAB58-EFF8-4977-BE63-6DB8609B9AFE}"
ProjectSection(SolutionItems) = preProject
	docker-compose.yml = docker-compose.yml
EndProjectSection
EndProject
Project("{FAE04EC0-301F-11D3-BF4B-00C04F79EFBC}") = "BC.Common", "BC.Common\BC.Common.csproj", "{F18F08B0-40A7-4F21-981A-5F666951A6ED}"
EndProject
Project("{2150E333-8FDC-42A3-9474-1A3956D46DE8}") = "Seedwork", "Seedwork", "{F936CB18-8E38-42C8-89DE-B7417F8FC38F}"
EndProject
Project("{FAE04EC0-301F-11D3-BF4B-00C04F79EFBC}") = "StrongCode.Seedwork.EventBus", "StrongCode.Seedwork.EventBus\StrongCode.Seedwork.EventBus.csproj", "{746F8412-409D-404F-BF22-D88991FDF19A}"
EndProject
Project("{FAE04EC0-301F-11D3-BF4B-00C04F79EFBC}") = "StrongCode.Seedwork.EventBus.RabbitMQ", "StrongCode.Seedwork.EventBus.RabbitMQ\StrongCode.Seedwork.EventBus.RabbitMQ.csproj", "{EA3636D1-CAE1-4070-9CF1-F7732AB42D53}"
EndProject
Global
	GlobalSection(SolutionConfigurationPlatforms) = preSolution
		Debug|Any CPU = Debug|Any CPU
		Release|Any CPU = Release|Any CPU
	EndGlobalSection
	GlobalSection(ProjectConfigurationPlatforms) = postSolution
		{4335F9DA-A3B9-46F2-B3E4-334E8804516A}.Debug|Any CPU.ActiveCfg = Debug|Any CPU
		{4335F9DA-A3B9-46F2-B3E4-334E8804516A}.Debug|Any CPU.Build.0 = Debug|Any CPU
		{4335F9DA-A3B9-46F2-B3E4-334E8804516A}.Release|Any CPU.ActiveCfg = Release|Any CPU
		{4335F9DA-A3B9-46F2-B3E4-334E8804516A}.Release|Any CPU.Build.0 = Release|Any CPU
		{EEB31B96-EDAC-4406-84C2-4F21324E98B2}.Debug|Any CPU.ActiveCfg = Debug|Any CPU
		{EEB31B96-EDAC-4406-84C2-4F21324E98B2}.Debug|Any CPU.Build.0 = Debug|Any CPU
		{EEB31B96-EDAC-4406-84C2-4F21324E98B2}.Release|Any CPU.ActiveCfg = Release|Any CPU
		{EEB31B96-EDAC-4406-84C2-4F21324E98B2}.Release|Any CPU.Build.0 = Release|Any CPU
		{55C632EA-5477-4BCC-ABC3-F8F7784470B2}.Debug|Any CPU.ActiveCfg = Debug|Any CPU
		{55C632EA-5477-4BCC-ABC3-F8F7784470B2}.Debug|Any CPU.Build.0 = Debug|Any CPU
		{55C632EA-5477-4BCC-ABC3-F8F7784470B2}.Release|Any CPU.ActiveCfg = Release|Any CPU
		{55C632EA-5477-4BCC-ABC3-F8F7784470B2}.Release|Any CPU.Build.0 = Release|Any CPU
		{6259F0A4-FDAC-411C-9B10-043C52DF69DF}.Debug|Any CPU.ActiveCfg = Debug|Any CPU
		{6259F0A4-FDAC-411C-9B10-043C52DF69DF}.Debug|Any CPU.Build.0 = Debug|Any CPU
		{6259F0A4-FDAC-411C-9B10-043C52DF69DF}.Release|Any CPU.ActiveCfg = Release|Any CPU
		{6259F0A4-FDAC-411C-9B10-043C52DF69DF}.Release|Any CPU.Build.0 = Release|Any CPU
		{CD01CED9-BF5A-486A-B4A3-CA1314445CB2}.Debug|Any CPU.ActiveCfg = Debug|Any CPU
		{CD01CED9-BF5A-486A-B4A3-CA1314445CB2}.Debug|Any CPU.Build.0 = Debug|Any CPU
		{CD01CED9-BF5A-486A-B4A3-CA1314445CB2}.Release|Any CPU.ActiveCfg = Release|Any CPU
		{CD01CED9-BF5A-486A-B4A3-CA1314445CB2}.Release|Any CPU.Build.0 = Release|Any CPU
		{F18F08B0-40A7-4F21-981A-5F666951A6ED}.Debug|Any CPU.ActiveCfg = Debug|Any CPU
		{F18F08B0-40A7-4F21-981A-5F666951A6ED}.Debug|Any CPU.Build.0 = Debug|Any CPU
		{F18F08B0-40A7-4F21-981A-5F666951A6ED}.Release|Any CPU.ActiveCfg = Release|Any CPU
		{F18F08B0-40A7-4F21-981A-5F666951A6ED}.Release|Any CPU.Build.0 = Release|Any CPU
		{746F8412-409D-404F-BF22-D88991FDF19A}.Debug|Any CPU.ActiveCfg = Debug|Any CPU
		{746F8412-409D-404F-BF22-D88991FDF19A}.Debug|Any CPU.Build.0 = Debug|Any CPU
		{746F8412-409D-404F-BF22-D88991FDF19A}.Release|Any CPU.ActiveCfg = Release|Any CPU
		{746F8412-409D-404F-BF22-D88991FDF19A}.Release|Any CPU.Build.0 = Release|Any CPU
		{EA3636D1-CAE1-4070-9CF1-F7732AB42D53}.Debug|Any CPU.ActiveCfg = Debug|Any CPU
		{EA3636D1-CAE1-4070-9CF1-F7732AB42D53}.Debug|Any CPU.Build.0 = Debug|Any CPU
		{EA3636D1-CAE1-4070-9CF1-F7732AB42D53}.Release|Any CPU.ActiveCfg = Release|Any CPU
		{EA3636D1-CAE1-4070-9CF1-F7732AB42D53}.Release|Any CPU.Build.0 = Release|Any CPU
	EndGlobalSection
	GlobalSection(SolutionProperties) = preSolution
		HideSolutionNode = FALSE
	EndGlobalSection
	GlobalSection(NestedProjects) = preSolution
		{EEB31B96-EDAC-4406-84C2-4F21324E98B2} = {1603CCB5-3DBA-4DA9-8ABE-1D2277D5F888}
		{55C632EA-5477-4BCC-ABC3-F8F7784470B2} = {1603CCB5-3DBA-4DA9-8ABE-1D2277D5F888}
		{6259F0A4-FDAC-411C-9B10-043C52DF69DF} = {1603CCB5-3DBA-4DA9-8ABE-1D2277D5F888}
		{F18F08B0-40A7-4F21-981A-5F666951A6ED} = {1603CCB5-3DBA-4DA9-8ABE-1D2277D5F888}
		{746F8412-409D-404F-BF22-D88991FDF19A} = {F936CB18-8E38-42C8-89DE-B7417F8FC38F}
		{EA3636D1-CAE1-4070-9CF1-F7732AB42D53} = {F936CB18-8E38-42C8-89DE-B7417F8FC38F}
	EndGlobalSection
	GlobalSection(ExtensibilityGlobals) = postSolution
		SolutionGuid = {3EFE0FA8-C6C8-4976-91A4-193CC4D4A4A7}
	EndGlobalSection
EndGlobal
