
Microsoft Visual Studio Solution File, Format Version 12.00
Project("{FAE04EC0-301F-11D3-BF4B-00C04F79EFBC}") = "BC.API", "BC.API\BC.API.csproj", "{4335F9DA-A3B9-46F2-B3E4-334E8804516A}"
EndProject
Project("{2150E333-8FDC-42A3-9474-1A3956D46DE8}") = "Frontends", "Frontends", "{1603CCB5-3DBA-4DA9-8ABE-1D2277D5F888}"
EndProject
Project("{FAE04EC0-301F-11D3-BF4B-00C04F79EFBC}") = "BC.Client", "BC.Client\BC.Client.csproj", "{33BAE843-DDE5-4031-8A0D-5BB8AD064478}"
EndProject
Project("{FAE04EC0-301F-11D3-BF4B-00C04F79EFBC}") = "BC.Master", "BC.Master\BC.Master.csproj", "{62122326-706D-47E1-AFAB-27BA609EF291}"
EndProject
Project("{FAE04EC0-301F-11D3-BF4B-00C04F79EFBC}") = "BC.Saloon", "BC.Saloon\BC.Saloon.csproj", "{3D13DFF7-6301-490C-8ACD-C1744B3A1B55}"
EndProject
Global
	GlobalSection(SolutionConfigurationPlatforms) = preSolution
		Debug|Any CPU = Debug|Any CPU
		Release|Any CPU = Release|Any CPU
	EndGlobalSection
	GlobalSection(ProjectConfigurationPlatforms) = postSolution
		{4335F9DA-A3B9-46F2-B3E4-334E8804516A}.Debug|Any CPU.ActiveCfg = Debug|Any CPU
		{4335F9DA-A3B9-46F2-B3E4-334E8804516A}.Debug|Any CPU.Build.0 = Debug|Any CPU
		{4335F9DA-A3B9-46F2-B3E4-334E8804516A}.Release|Any CPU.ActiveCfg = Release|Any CPU
		{4335F9DA-A3B9-46F2-B3E4-334E8804516A}.Release|Any CPU.Build.0 = Release|Any CPU
		{33BAE843-DDE5-4031-8A0D-5BB8AD064478}.Debug|Any CPU.ActiveCfg = Debug|Any CPU
		{33BAE843-DDE5-4031-8A0D-5BB8AD064478}.Debug|Any CPU.Build.0 = Debug|Any CPU
		{33BAE843-DDE5-4031-8A0D-5BB8AD064478}.Release|Any CPU.ActiveCfg = Release|Any CPU
		{33BAE843-DDE5-4031-8A0D-5BB8AD064478}.Release|Any CPU.Build.0 = Release|Any CPU
		{62122326-706D-47E1-AFAB-27BA609EF291}.Debug|Any CPU.ActiveCfg = Debug|Any CPU
		{62122326-706D-47E1-AFAB-27BA609EF291}.Debug|Any CPU.Build.0 = Debug|Any CPU
		{62122326-706D-47E1-AFAB-27BA609EF291}.Release|Any CPU.ActiveCfg = Release|Any CPU
		{62122326-706D-47E1-AFAB-27BA609EF291}.Release|Any CPU.Build.0 = Release|Any CPU
		{3D13DFF7-6301-490C-8ACD-C1744B3A1B55}.Debug|Any CPU.ActiveCfg = Debug|Any CPU
		{3D13DFF7-6301-490C-8ACD-C1744B3A1B55}.Debug|Any CPU.Build.0 = Debug|Any CPU
		{3D13DFF7-6301-490C-8ACD-C1744B3A1B55}.Release|Any CPU.ActiveCfg = Release|Any CPU
		{3D13DFF7-6301-490C-8ACD-C1744B3A1B55}.Release|Any CPU.Build.0 = Release|Any CPU
	EndGlobalSection
	GlobalSection(NestedProjects) = preSolution
		{33BAE843-DDE5-4031-8A0D-5BB8AD064478} = {1603CCB5-3DBA-4DA9-8ABE-1D2277D5F888}
		{62122326-706D-47E1-AFAB-27BA609EF291} = {1603CCB5-3DBA-4DA9-8ABE-1D2277D5F888}
		{3D13DFF7-6301-490C-8ACD-C1744B3A1B55} = {1603CCB5-3DBA-4DA9-8ABE-1D2277D5F888}
	EndGlobalSection
EndGlobal
